
Microsoft Visual Studio Solution File, Format Version 12.00
# Visual Studio Version 17
VisualStudioVersion = 17.2.32616.157
MinimumVisualStudioVersion = 10.0.40219.1
Project("{FAE04EC0-301F-11D3-BF4B-00C04F79EFBC}") = "EjemploWebASPNET", "EjemploWebASPNET.csproj", "{2A6068DC-CAC7-42CE-A438-5F2120F632C4}"
EndProject
Global
	GlobalSection(SolutionConfigurationPlatforms) = preSolution
		Debug|Any CPU = Debug|Any CPU
		Release|Any CPU = Release|Any CPU
	EndGlobalSection
	GlobalSection(ProjectConfigurationPlatforms) = postSolution
		{2A6068DC-CAC7-42CE-A438-5F2120F632C4}.Debug|Any CPU.ActiveCfg = Debug|Any CPU
		{2A6068DC-CAC7-42CE-A438-5F2120F632C4}.Debug|Any CPU.Build.0 = Debug|Any CPU
		{2A6068DC-CAC7-42CE-A438-5F2120F632C4}.Release|Any CPU.ActiveCfg = Release|Any CPU
		{2A6068DC-CAC7-42CE-A438-5F2120F632C4}.Release|Any CPU.Build.0 = Release|Any CPU
	EndGlobalSection
	GlobalSection(SolutionProperties) = preSolution
		HideSolutionNode = FALSE
	EndGlobalSection
	GlobalSection(ExtensibilityGlobals) = postSolution
		SolutionGuid = {D4B66AB6-06FD-4AFE-97CF-16E15AB4A31C}
	EndGlobalSection
EndGlobal
